
Microsoft Visual Studio Solution File, Format Version 12.00
# Visual Studio Version 16
VisualStudioVersion = 16.0.31702.278
MinimumVisualStudioVersion = 10.0.40219.1
Project("{FAE04EC0-301F-11D3-BF4B-00C04F79EFBC}") = "roulette", "roulette\roulette.csproj", "{751B2625-A348-4EA5-BE27-89F859F9AE34}"
EndProject
Project("{FAE04EC0-301F-11D3-BF4B-00C04F79EFBC}") = "RouletteLogica1", "..\Oplossing Blok 1\RouletteLogica\RouletteLogica1.csproj", "{121DCE39-C233-4380-AE0E-BB250BC9905C}"
EndProject
Project("{FAE04EC0-301F-11D3-BF4B-00C04F79EFBC}") = "RouletteLogica", "RouletteLogica\RouletteLogica.csproj", "{4F65318B-0226-4908-94DE-2BA9DC9C55ED}"
EndProject
Project("{2150E333-8FDC-42A3-9474-1A3956D46DE8}") = "Solution Items", "Solution Items", "{96A54509-80A7-4B0C-A80B-4666A42CD508}"
	ProjectSection(SolutionItems) = preProject
		..\..\..\C# OO programming files\Feedback.md = ..\..\..\C# OO programming files\Feedback.md
	EndProjectSection
EndProject
Global
	GlobalSection(SolutionConfigurationPlatforms) = preSolution
		Debug|Any CPU = Debug|Any CPU
		Release|Any CPU = Release|Any CPU
	EndGlobalSection
	GlobalSection(ProjectConfigurationPlatforms) = postSolution
		{751B2625-A348-4EA5-BE27-89F859F9AE34}.Debug|Any CPU.ActiveCfg = Debug|Any CPU
		{751B2625-A348-4EA5-BE27-89F859F9AE34}.Debug|Any CPU.Build.0 = Debug|Any CPU
		{751B2625-A348-4EA5-BE27-89F859F9AE34}.Release|Any CPU.ActiveCfg = Release|Any CPU
		{751B2625-A348-4EA5-BE27-89F859F9AE34}.Release|Any CPU.Build.0 = Release|Any CPU
		{121DCE39-C233-4380-AE0E-BB250BC9905C}.Debug|Any CPU.ActiveCfg = Debug|Any CPU
		{121DCE39-C233-4380-AE0E-BB250BC9905C}.Debug|Any CPU.Build.0 = Debug|Any CPU
		{121DCE39-C233-4380-AE0E-BB250BC9905C}.Release|Any CPU.ActiveCfg = Release|Any CPU
		{121DCE39-C233-4380-AE0E-BB250BC9905C}.Release|Any CPU.Build.0 = Release|Any CPU
		{4F65318B-0226-4908-94DE-2BA9DC9C55ED}.Debug|Any CPU.ActiveCfg = Debug|Any CPU
		{4F65318B-0226-4908-94DE-2BA9DC9C55ED}.Debug|Any CPU.Build.0 = Debug|Any CPU
		{4F65318B-0226-4908-94DE-2BA9DC9C55ED}.Release|Any CPU.ActiveCfg = Release|Any CPU
		{4F65318B-0226-4908-94DE-2BA9DC9C55ED}.Release|Any CPU.Build.0 = Release|Any CPU
	EndGlobalSection
	GlobalSection(SolutionProperties) = preSolution
		HideSolutionNode = FALSE
	EndGlobalSection
	GlobalSection(ExtensibilityGlobals) = postSolution
		SolutionGuid = {25AB4B42-397D-426B-9FE3-7972C5FE95B3}
	EndGlobalSection
EndGlobal
